// !$*UTF8*$!
{
	archiveVersion = 1;
	classes = {
	};
	objectVersion = 46;
	objects = {

/* Begin PBXBuildFile section */
		816402BB17F7A73B0043E7F2 /* Foundation.framework in Frameworks */ = {isa = PBXBuildFile; fileRef = 816402BA17F7A73B0043E7F2 /* Foundation.framework */; };
		816402BD17F7A73B0043E7F2 /* CoreGraphics.framework in Frameworks */ = {isa = PBXBuildFile; fileRef = 816402BC17F7A73B0043E7F2 /* CoreGraphics.framework */; };
		816402BF17F7A73B0043E7F2 /* UIKit.framework in Frameworks */ = {isa = PBXBuildFile; fileRef = 816402BE17F7A73B0043E7F2 /* UIKit.framework */; };
		816402C117F7A73B0043E7F2 /* SpriteKit.framework in Frameworks */ = {isa = PBXBuildFile; fileRef = 816402C017F7A73B0043E7F2 /* SpriteKit.framework */; };
		816402C717F7A73B0043E7F2 /* InfoPlist.strings in Resources */ = {isa = PBXBuildFile; fileRef = 816402C517F7A73B0043E7F2 /* InfoPlist.strings */; };
		816402C917F7A73B0043E7F2 /* main.m in Sources */ = {isa = PBXBuildFile; fileRef = 816402C817F7A73B0043E7F2 /* main.m */; };
		816402CD17F7A73B0043E7F2 /* AppDelegate.m in Sources */ = {isa = PBXBuildFile; fileRef = 816402CC17F7A73B0043E7F2 /* AppDelegate.m */; };
		816402D017F7A73B0043E7F2 /* Main.storyboard in Resources */ = {isa = PBXBuildFile; fileRef = 816402CE17F7A73B0043E7F2 /* Main.storyboard */; };
		816402D317F7A73B0043E7F2 /* ViewController.m in Sources */ = {isa = PBXBuildFile; fileRef = 816402D217F7A73B0043E7F2 /* ViewController.m */; };
		816402D617F7A73B0043E7F2 /* MyScene.m in Sources */ = {isa = PBXBuildFile; fileRef = 816402D517F7A73B0043E7F2 /* MyScene.m */; };
		816402D817F7A73B0043E7F2 /* Spaceship.png in Resources */ = {isa = PBXBuildFile; fileRef = 816402D717F7A73B0043E7F2 /* Spaceship.png */; };
		816402DA17F7A73B0043E7F2 /* Images.xcassets in Resources */ = {isa = PBXBuildFile; fileRef = 816402D917F7A73B0043E7F2 /* Images.xcassets */; };
		816402E117F7A73B0043E7F2 /* XCTest.framework in Frameworks */ = {isa = PBXBuildFile; fileRef = 816402E017F7A73B0043E7F2 /* XCTest.framework */; };
		816402E217F7A73B0043E7F2 /* Foundation.framework in Frameworks */ = {isa = PBXBuildFile; fileRef = 816402BA17F7A73B0043E7F2 /* Foundation.framework */; };
		816402E317F7A73B0043E7F2 /* UIKit.framework in Frameworks */ = {isa = PBXBuildFile; fileRef = 816402BE17F7A73B0043E7F2 /* UIKit.framework */; };
		816402EB17F7A73B0043E7F2 /* InfoPlist.strings in Resources */ = {isa = PBXBuildFile; fileRef = 816402E917F7A73B0043E7F2 /* InfoPlist.strings */; };
		816402ED17F7A73B0043E7F2 /* AvailableFontsTests.m in Sources */ = {isa = PBXBuildFile; fileRef = 816402EC17F7A73B0043E7F2 /* AvailableFontsTests.m */; };
/* End PBXBuildFile section */

/* Begin PBXContainerItemProxy section */
		816402E417F7A73B0043E7F2 /* PBXContainerItemProxy */ = {
			isa = PBXContainerItemProxy;
			containerPortal = 816402AF17F7A73B0043E7F2 /* Project object */;
			proxyType = 1;
			remoteGlobalIDString = 816402B617F7A73B0043E7F2;
			remoteInfo = AvailableFonts;
		};
/* End PBXContainerItemProxy section */

/* Begin PBXFileReference section */
		816402B717F7A73B0043E7F2 /* AvailableFonts.app */ = {isa = PBXFileReference; explicitFileType = wrapper.application; includeInIndex = 0; path = AvailableFonts.app; sourceTree = BUILT_PRODUCTS_DIR; };
		816402BA17F7A73B0043E7F2 /* Foundation.framework */ = {isa = PBXFileReference; lastKnownFileType = wrapper.framework; name = Foundation.framework; path = System/Library/Frameworks/Foundation.framework; sourceTree = SDKROOT; };
		816402BC17F7A73B0043E7F2 /* CoreGraphics.framework */ = {isa = PBXFileReference; lastKnownFileType = wrapper.framework; name = CoreGraphics.framework; path = System/Library/Frameworks/CoreGraphics.framework; sourceTree = SDKROOT; };
		816402BE17F7A73B0043E7F2 /* UIKit.framework */ = {isa = PBXFileReference; lastKnownFileType = wrapper.framework; name = UIKit.framework; path = System/Library/Frameworks/UIKit.framework; sourceTree = SDKROOT; };
		816402C017F7A73B0043E7F2 /* SpriteKit.framework */ = {isa = PBXFileReference; lastKnownFileType = wrapper.framework; name = SpriteKit.framework; path = System/Library/Frameworks/SpriteKit.framework; sourceTree = SDKROOT; };
		816402C417F7A73B0043E7F2 /* AvailableFonts-Info.plist */ = {isa = PBXFileReference; lastKnownFileType = text.plist.xml; path = "AvailableFonts-Info.plist"; sourceTree = "<group>"; };
		816402C617F7A73B0043E7F2 /* en */ = {isa = PBXFileReference; lastKnownFileType = text.plist.strings; name = en; path = en.lproj/InfoPlist.strings; sourceTree = "<group>"; };
		816402C817F7A73B0043E7F2 /* main.m */ = {isa = PBXFileReference; lastKnownFileType = sourcecode.c.objc; path = main.m; sourceTree = "<group>"; };
		816402CA17F7A73B0043E7F2 /* AvailableFonts-Prefix.pch */ = {isa = PBXFileReference; lastKnownFileType = sourcecode.c.h; path = "AvailableFonts-Prefix.pch"; sourceTree = "<group>"; };
		816402CB17F7A73B0043E7F2 /* AppDelegate.h */ = {isa = PBXFileReference; lastKnownFileType = sourcecode.c.h; path = AppDelegate.h; sourceTree = "<group>"; };
		816402CC17F7A73B0043E7F2 /* AppDelegate.m */ = {isa = PBXFileReference; lastKnownFileType = sourcecode.c.objc; path = AppDelegate.m; sourceTree = "<group>"; };
		816402CF17F7A73B0043E7F2 /* Base */ = {isa = PBXFileReference; lastKnownFileType = file.storyboard; name = Base; path = Base.lproj/Main.storyboard; sourceTree = "<group>"; };
		816402D117F7A73B0043E7F2 /* ViewController.h */ = {isa = PBXFileReference; lastKnownFileType = sourcecode.c.h; path = ViewController.h; sourceTree = "<group>"; };
		816402D217F7A73B0043E7F2 /* ViewController.m */ = {isa = PBXFileReference; lastKnownFileType = sourcecode.c.objc; path = ViewController.m; sourceTree = "<group>"; };
		816402D417F7A73B0043E7F2 /* MyScene.h */ = {isa = PBXFileReference; lastKnownFileType = sourcecode.c.h; path = MyScene.h; sourceTree = "<group>"; };
		816402D517F7A73B0043E7F2 /* MyScene.m */ = {isa = PBXFileReference; lastKnownFileType = sourcecode.c.objc; path = MyScene.m; sourceTree = "<group>"; };
		816402D717F7A73B0043E7F2 /* Spaceship.png */ = {isa = PBXFileReference; lastKnownFileType = image.png; path = Spaceship.png; sourceTree = "<group>"; };
		816402D917F7A73B0043E7F2 /* Images.xcassets */ = {isa = PBXFileReference; lastKnownFileType = folder.assetcatalog; path = Images.xcassets; sourceTree = "<group>"; };
		816402DF17F7A73B0043E7F2 /* AvailableFontsTests.xctest */ = {isa = PBXFileReference; explicitFileType = wrapper.cfbundle; includeInIndex = 0; path = AvailableFontsTests.xctest; sourceTree = BUILT_PRODUCTS_DIR; };
		816402E017F7A73B0043E7F2 /* XCTest.framework */ = {isa = PBXFileReference; lastKnownFileType = wrapper.framework; name = XCTest.framework; path = Library/Frameworks/XCTest.framework; sourceTree = DEVELOPER_DIR; };
		816402E817F7A73B0043E7F2 /* AvailableFontsTests-Info.plist */ = {isa = PBXFileReference; lastKnownFileType = text.plist.xml; path = "AvailableFontsTests-Info.plist"; sourceTree = "<group>"; };
		816402EA17F7A73B0043E7F2 /* en */ = {isa = PBXFileReference; lastKnownFileType = text.plist.strings; name = en; path = en.lproj/InfoPlist.strings; sourceTree = "<group>"; };
		816402EC17F7A73B0043E7F2 /* AvailableFontsTests.m */ = {isa = PBXFileReference; lastKnownFileType = sourcecode.c.objc; path = AvailableFontsTests.m; sourceTree = "<group>"; };
/* End PBXFileReference section */

/* Begin PBXFrameworksBuildPhase section */
		816402B417F7A73B0043E7F2 /* Frameworks */ = {
			isa = PBXFrameworksBuildPhase;
			buildActionMask = 2147483647;
			files = (
				816402BD17F7A73B0043E7F2 /* CoreGraphics.framework in Frameworks */,
				816402BF17F7A73B0043E7F2 /* UIKit.framework in Frameworks */,
				816402C117F7A73B0043E7F2 /* SpriteKit.framework in Frameworks */,
				816402BB17F7A73B0043E7F2 /* Foundation.framework in Frameworks */,
			);
			runOnlyForDeploymentPostprocessing = 0;
		};
		816402DC17F7A73B0043E7F2 /* Frameworks */ = {
			isa = PBXFrameworksBuildPhase;
			buildActionMask = 2147483647;
			files = (
				816402E117F7A73B0043E7F2 /* XCTest.framework in Frameworks */,
				816402E317F7A73B0043E7F2 /* UIKit.framework in Frameworks */,
				816402E217F7A73B0043E7F2 /* Foundation.framework in Frameworks */,
			);
			runOnlyForDeploymentPostprocessing = 0;
		};
/* End PBXFrameworksBuildPhase section */

/* Begin PBXGroup section */
		816402AE17F7A73B0043E7F2 = {
			isa = PBXGroup;
			children = (
				816402C217F7A73B0043E7F2 /* AvailableFonts */,
				816402E617F7A73B0043E7F2 /* AvailableFontsTests */,
				816402B917F7A73B0043E7F2 /* Frameworks */,
				816402B817F7A73B0043E7F2 /* Products */,
			);
			sourceTree = "<group>";
		};
		816402B817F7A73B0043E7F2 /* Products */ = {
			isa = PBXGroup;
			children = (
				816402B717F7A73B0043E7F2 /* AvailableFonts.app */,
				816402DF17F7A73B0043E7F2 /* AvailableFontsTests.xctest */,
			);
			name = Products;
			sourceTree = "<group>";
		};
		816402B917F7A73B0043E7F2 /* Frameworks */ = {
			isa = PBXGroup;
			children = (
				816402BA17F7A73B0043E7F2 /* Foundation.framework */,
				816402BC17F7A73B0043E7F2 /* CoreGraphics.framework */,
				816402BE17F7A73B0043E7F2 /* UIKit.framework */,
				816402C017F7A73B0043E7F2 /* SpriteKit.framework */,
				816402E017F7A73B0043E7F2 /* XCTest.framework */,
			);
			name = Frameworks;
			sourceTree = "<group>";
		};
		816402C217F7A73B0043E7F2 /* AvailableFonts */ = {
			isa = PBXGroup;
			children = (
				816402CB17F7A73B0043E7F2 /* AppDelegate.h */,
				816402CC17F7A73B0043E7F2 /* AppDelegate.m */,
				816402CE17F7A73B0043E7F2 /* Main.storyboard */,
				816402D117F7A73B0043E7F2 /* ViewController.h */,
				816402D217F7A73B0043E7F2 /* ViewController.m */,
				816402D417F7A73B0043E7F2 /* MyScene.h */,
				816402D517F7A73B0043E7F2 /* MyScene.m */,
				816402D717F7A73B0043E7F2 /* Spaceship.png */,
				816402D917F7A73B0043E7F2 /* Images.xcassets */,
				816402C317F7A73B0043E7F2 /* Supporting Files */,
			);
			path = AvailableFonts;
			sourceTree = "<group>";
		};
		816402C317F7A73B0043E7F2 /* Supporting Files */ = {
			isa = PBXGroup;
			children = (
				816402C417F7A73B0043E7F2 /* AvailableFonts-Info.plist */,
				816402C517F7A73B0043E7F2 /* InfoPlist.strings */,
				816402C817F7A73B0043E7F2 /* main.m */,
				816402CA17F7A73B0043E7F2 /* AvailableFonts-Prefix.pch */,
			);
			name = "Supporting Files";
			sourceTree = "<group>";
		};
		816402E617F7A73B0043E7F2 /* AvailableFontsTests */ = {
			isa = PBXGroup;
			children = (
				816402EC17F7A73B0043E7F2 /* AvailableFontsTests.m */,
				816402E717F7A73B0043E7F2 /* Supporting Files */,
			);
			path = AvailableFontsTests;
			sourceTree = "<group>";
		};
		816402E717F7A73B0043E7F2 /* Supporting Files */ = {
			isa = PBXGroup;
			children = (
				816402E817F7A73B0043E7F2 /* AvailableFontsTests-Info.plist */,
				816402E917F7A73B0043E7F2 /* InfoPlist.strings */,
			);
			name = "Supporting Files";
			sourceTree = "<group>";
		};
/* End PBXGroup section */

/* Begin PBXNativeTarget section */
		816402B617F7A73B0043E7F2 /* AvailableFonts */ = {
			isa = PBXNativeTarget;
			buildConfigurationList = 816402F017F7A73B0043E7F2 /* Build configuration list for PBXNativeTarget "AvailableFonts" */;
			buildPhases = (
				816402B317F7A73B0043E7F2 /* Sources */,
				816402B417F7A73B0043E7F2 /* Frameworks */,
				816402B517F7A73B0043E7F2 /* Resources */,
			);
			buildRules = (
			);
			dependencies = (
			);
			name = AvailableFonts;
			productName = AvailableFonts;
			productReference = 816402B717F7A73B0043E7F2 /* AvailableFonts.app */;
			productType = "com.apple.product-type.application";
		};
		816402DE17F7A73B0043E7F2 /* AvailableFontsTests */ = {
			isa = PBXNativeTarget;
			buildConfigurationList = 816402F317F7A73B0043E7F2 /* Build configuration list for PBXNativeTarget "AvailableFontsTests" */;
			buildPhases = (
				816402DB17F7A73B0043E7F2 /* Sources */,
				816402DC17F7A73B0043E7F2 /* Frameworks */,
				816402DD17F7A73B0043E7F2 /* Resources */,
			);
			buildRules = (
			);
			dependencies = (
				816402E517F7A73B0043E7F2 /* PBXTargetDependency */,
			);
			name = AvailableFontsTests;
			productName = AvailableFontsTests;
			productReference = 816402DF17F7A73B0043E7F2 /* AvailableFontsTests.xctest */;
			productType = "com.apple.product-type.bundle.unit-test";
		};
/* End PBXNativeTarget section */

/* Begin PBXProject section */
		816402AF17F7A73B0043E7F2 /* Project object */ = {
			isa = PBXProject;
			attributes = {
				LastUpgradeCheck = 0500;
				ORGANIZATIONNAME = "INSOC, LLC.";
				TargetAttributes = {
					816402DE17F7A73B0043E7F2 = {
						TestTargetID = 816402B617F7A73B0043E7F2;
					};
				};
			};
			buildConfigurationList = 816402B217F7A73B0043E7F2 /* Build configuration list for PBXProject "AvailableFonts" */;
			compatibilityVersion = "Xcode 3.2";
			developmentRegion = English;
			hasScannedForEncodings = 0;
			knownRegions = (
				en,
				Base,
			);
			mainGroup = 816402AE17F7A73B0043E7F2;
			productRefGroup = 816402B817F7A73B0043E7F2 /* Products */;
			projectDirPath = "";
			projectRoot = "";
			targets = (
				816402B617F7A73B0043E7F2 /* AvailableFonts */,
				816402DE17F7A73B0043E7F2 /* AvailableFontsTests */,
			);
		};
/* End PBXProject section */

/* Begin PBXResourcesBuildPhase section */
		816402B517F7A73B0043E7F2 /* Resources */ = {
			isa = PBXResourcesBuildPhase;
			buildActionMask = 2147483647;
			files = (
				816402C717F7A73B0043E7F2 /* InfoPlist.strings in Resources */,
				816402DA17F7A73B0043E7F2 /* Images.xcassets in Resources */,
				816402D817F7A73B0043E7F2 /* Spaceship.png in Resources */,
				816402D017F7A73B0043E7F2 /* Main.storyboard in Resources */,
			);
			runOnlyForDeploymentPostprocessing = 0;
		};
		816402DD17F7A73B0043E7F2 /* Resources */ = {
			isa = PBXResourcesBuildPhase;
			buildActionMask = 2147483647;
			files = (
				816402EB17F7A73B0043E7F2 /* InfoPlist.strings in Resources */,
			);
			runOnlyForDeploymentPostprocessing = 0;
		};
/* End PBXResourcesBuildPhase section */

/* Begin PBXSourcesBuildPhase section */
		816402B317F7A73B0043E7F2 /* Sources */ = {
			isa = PBXSourcesBuildPhase;
			buildActionMask = 2147483647;
			files = (
				816402D617F7A73B0043E7F2 /* MyScene.m in Sources */,
				816402D317F7A73B0043E7F2 /* ViewController.m in Sources */,
				816402CD17F7A73B0043E7F2 /* AppDelegate.m in Sources */,
				816402C917F7A73B0043E7F2 /* main.m in Sources */,
			);
			runOnlyForDeploymentPostprocessing = 0;
		};
		816402DB17F7A73B0043E7F2 /* Sources */ = {
			isa = PBXSourcesBuildPhase;
			buildActionMask = 2147483647;
			files = (
				816402ED17F7A73B0043E7F2 /* AvailableFontsTests.m in Sources */,
			);
			runOnlyForDeploymentPostprocessing = 0;
		};
/* End PBXSourcesBuildPhase section */

/* Begin PBXTargetDependency section */
		816402E517F7A73B0043E7F2 /* PBXTargetDependency */ = {
			isa = PBXTargetDependency;
			target = 816402B617F7A73B0043E7F2 /* AvailableFonts */;
			targetProxy = 816402E417F7A73B0043E7F2 /* PBXContainerItemProxy */;
		};
/* End PBXTargetDependency section */

/* Begin PBXVariantGroup section */
		816402C517F7A73B0043E7F2 /* InfoPlist.strings */ = {
			isa = PBXVariantGroup;
			children = (
				816402C617F7A73B0043E7F2 /* en */,
			);
			name = InfoPlist.strings;
			sourceTree = "<group>";
		};
		816402CE17F7A73B0043E7F2 /* Main.storyboard */ = {
			isa = PBXVariantGroup;
			children = (
				816402CF17F7A73B0043E7F2 /* Base */,
			);
			name = Main.storyboard;
			sourceTree = "<group>";
		};
		816402E917F7A73B0043E7F2 /* InfoPlist.strings */ = {
			isa = PBXVariantGroup;
			children = (
				816402EA17F7A73B0043E7F2 /* en */,
			);
			name = InfoPlist.strings;
			sourceTree = "<group>";
		};
/* End PBXVariantGroup section */

/* Begin XCBuildConfiguration section */
		816402EE17F7A73B0043E7F2 /* Debug */ = {
			isa = XCBuildConfiguration;
			buildSettings = {
				ALWAYS_SEARCH_USER_PATHS = NO;
				ARCHS = "$(ARCHS_STANDARD_INCLUDING_64_BIT)";
				CLANG_CXX_LANGUAGE_STANDARD = "gnu++0x";
				CLANG_CXX_LIBRARY = "libc++";
				CLANG_ENABLE_MODULES = YES;
				CLANG_ENABLE_OBJC_ARC = YES;
				CLANG_WARN_BOOL_CONVERSION = YES;
				CLANG_WARN_CONSTANT_CONVERSION = YES;
				CLANG_WARN_DIRECT_OBJC_ISA_USAGE = YES_ERROR;
				CLANG_WARN_EMPTY_BODY = YES;
				CLANG_WARN_ENUM_CONVERSION = YES;
				CLANG_WARN_INT_CONVERSION = YES;
				CLANG_WARN_OBJC_ROOT_CLASS = YES_ERROR;
				CLANG_WARN__DUPLICATE_METHOD_MATCH = YES;
				"CODE_SIGN_IDENTITY[sdk=iphoneos*]" = "iPhone Developer";
				COPY_PHASE_STRIP = NO;
				GCC_C_LANGUAGE_STANDARD = gnu99;
				GCC_DYNAMIC_NO_PIC = NO;
				GCC_OPTIMIZATION_LEVEL = 0;
				GCC_PREPROCESSOR_DEFINITIONS = (
					"DEBUG=1",
					"$(inherited)",
				);
				GCC_SYMBOLS_PRIVATE_EXTERN = NO;
				GCC_WARN_64_TO_32_BIT_CONVERSION = YES;
				GCC_WARN_ABOUT_RETURN_TYPE = YES_ERROR;
				GCC_WARN_UNDECLARED_SELECTOR = YES;
				GCC_WARN_UNINITIALIZED_AUTOS = YES;
				GCC_WARN_UNUSED_FUNCTION = YES;
				GCC_WARN_UNUSED_VARIABLE = YES;
				IPHONEOS_DEPLOYMENT_TARGET = 7.0;
				ONLY_ACTIVE_ARCH = YES;
				SDKROOT = iphoneos;
			};
			name = Debug;
		};
		816402EF17F7A73B0043E7F2 /* Release */ = {
			isa = XCBuildConfiguration;
			buildSettings = {
				ALWAYS_SEARCH_USER_PATHS = NO;
				ARCHS = "$(ARCHS_STANDARD_INCLUDING_64_BIT)";
				CLANG_CXX_LANGUAGE_STANDARD = "gnu++0x";
				CLANG_CXX_LIBRARY = "libc++";
				CLANG_ENABLE_MODULES = YES;
				CLANG_ENABLE_OBJC_ARC = YES;
				CLANG_WARN_BOOL_CONVERSION = YES;
				CLANG_WARN_CONSTANT_CONVERSION = YES;
				CLANG_WARN_DIRECT_OBJC_ISA_USAGE = YES_ERROR;
				CLANG_WARN_EMPTY_BODY = YES;
				CLANG_WARN_ENUM_CONVERSION = YES;
				CLANG_WARN_INT_CONVERSION = YES;
				CLANG_WARN_OBJC_ROOT_CLASS = YES_ERROR;
				CLANG_WARN__DUPLICATE_METHOD_MATCH = YES;
				"CODE_SIGN_IDENTITY[sdk=iphoneos*]" = "iPhone Developer";
				COPY_PHASE_STRIP = YES;
				ENABLE_NS_ASSERTIONS = NO;
				GCC_C_LANGUAGE_STANDARD = gnu99;
				GCC_WARN_64_TO_32_BIT_CONVERSION = YES;
				GCC_WARN_ABOUT_RETURN_TYPE = YES_ERROR;
				GCC_WARN_UNDECLARED_SELECTOR = YES;
				GCC_WARN_UNINITIALIZED_AUTOS = YES;
				GCC_WARN_UNUSED_FUNCTION = YES;
				GCC_WARN_UNUSED_VARIABLE = YES;
				IPHONEOS_DEPLOYMENT_TARGET = 7.0;
				SDKROOT = iphoneos;
				VALIDATE_PRODUCT = YES;
			};
			name = Release;
		};
		816402F117F7A73B0043E7F2 /* Debug */ = {
			isa = XCBuildConfiguration;
			buildSettings = {
				ASSETCATALOG_COMPILER_APPICON_NAME = AppIcon;
				ASSETCATALOG_COMPILER_LAUNCHIMAGE_NAME = LaunchImage;
				GCC_PRECOMPILE_PREFIX_HEADER = YES;
				GCC_PREFIX_HEADER = "AvailableFonts/AvailableFonts-Prefix.pch";
				INFOPLIST_FILE = "AvailableFonts/AvailableFonts-Info.plist";
				PRODUCT_NAME = "$(TARGET_NAME)";
				SPRITEKIT_TEXTURE_ATLAS_OUTPUT = YES;
				WRAPPER_EXTENSION = app;
			};
			name = Debug;
		};
		816402F217F7A73B0043E7F2 /* Release */ = {
			isa = XCBuildConfiguration;
			buildSettings = {
				ASSETCATALOG_COMPILER_APPICON_NAME = AppIcon;
				ASSETCATALOG_COMPILER_LAUNCHIMAGE_NAME = LaunchImage;
				GCC_PRECOMPILE_PREFIX_HEADER = YES;
				GCC_PREFIX_HEADER = "AvailableFonts/AvailableFonts-Prefix.pch";
				INFOPLIST_FILE = "AvailableFonts/AvailableFonts-Info.plist";
				PRODUCT_NAME = "$(TARGET_NAME)";
				SPRITEKIT_TEXTURE_ATLAS_OUTPUT = YES;
				WRAPPER_EXTENSION = app;
			};
			name = Release;
		};
		816402F417F7A73B0043E7F2 /* Debug */ = {
			isa = XCBuildConfiguration;
			buildSettings = {
				ARCHS = "$(ARCHS_STANDARD_INCLUDING_64_BIT)";
				BUNDLE_LOADER = "$(BUILT_PRODUCTS_DIR)/AvailableFonts.app/AvailableFonts";
				FRAMEWORK_SEARCH_PATHS = (
					"$(SDKROOT)/Developer/Library/Frameworks",
					"$(inherited)",
					"$(DEVELOPER_FRAMEWORKS_DIR)",
				);
				GCC_PRECOMPILE_PREFIX_HEADER = YES;
				GCC_PREFIX_HEADER = "AvailableFonts/AvailableFonts-Prefix.pch";
				GCC_PREPROCESSOR_DEFINITIONS = (
					"DEBUG=1",
					"$(inherited)",
				);
				INFOPLIST_FILE = "AvailableFontsTests/AvailableFontsTests-Info.plist";
				PRODUCT_NAME = "$(TARGET_NAME)";
				TEST_HOST = "$(BUNDLE_LOADER)";
				WRAPPER_EXTENSION = xctest;
			};
			name = Debug;
		};
		816402F517F7A73B0043E7F2 /* Release */ = {
			isa = XCBuildConfiguration;
			buildSettings = {
				ARCHS = "$(ARCHS_STANDARD_INCLUDING_64_BIT)";
				BUNDLE_LOADER = "$(BUILT_PRODUCTS_DIR)/AvailableFonts.app/AvailableFonts";
				FRAMEWORK_SEARCH_PATHS = (
					"$(SDKROOT)/Developer/Library/Frameworks",
					"$(inherited)",
					"$(DEVELOPER_FRAMEWORKS_DIR)",
				);
				GCC_PRECOMPILE_PREFIX_HEADER = YES;
				GCC_PREFIX_HEADER = "AvailableFonts/AvailableFonts-Prefix.pch";
				INFOPLIST_FILE = "AvailableFontsTests/AvailableFontsTests-Info.plist";
				PRODUCT_NAME = "$(TARGET_NAME)";
				TEST_HOST = "$(BUNDLE_LOADER)";
				WRAPPER_EXTENSION = xctest;
			};
			name = Release;
		};
/* End XCBuildConfiguration section */

/* Begin XCConfigurationList section */
		816402B217F7A73B0043E7F2 /* Build configuration list for PBXProject "AvailableFonts" */ = {
			isa = XCConfigurationList;
			buildConfigurations = (
				816402EE17F7A73B0043E7F2 /* Debug */,
				816402EF17F7A73B0043E7F2 /* Release */,
			);
			defaultConfigurationIsVisible = 0;
			defaultConfigurationName = Release;
		};
		816402F017F7A73B0043E7F2 /* Build configuration list for PBXNativeTarget "AvailableFonts" */ = {
			isa = XCConfigurationList;
			buildConfigurations = (
				816402F117F7A73B0043E7F2 /* Debug */,
				816402F217F7A73B0043E7F2 /* Release */,
			);
			defaultConfigurationIsVisible = 0;
		};
		816402F317F7A73B0043E7F2 /* Build configuration list for PBXNativeTarget "AvailableFontsTests" */ = {
			isa = XCConfigurationList;
			buildConfigurations = (
				816402F417F7A73B0043E7F2 /* Debug */,
				816402F517F7A73B0043E7F2 /* Release */,
			);
			defaultConfigurationIsVisible = 0;
		};
/* End XCConfigurationList section */
	};
	rootObject = 816402AF17F7A73B0043E7F2 /* Project object */;
}
